github.com/go-chi/chi v1.5.4 h1:QHdzF2szwjqVV4wmByUnTcsbIg7UGaQ0tPF2t5GcAIs=
github.com/go-chi/chi v1.5.4/go.mod h1:uaf8YgoFazUOkPBG7fxPftUylNumIev9awIWOENIuEg=
github.com/go-chi/chi/v5 v5.0.8 h1:lD+NLqFcAi1ovnVZpsnObHGW4xb4J8lNmoYVfECH1Y0=
github.com/go-chi/chi/v5 v5.0.8/go.mod h1:DslCQbL2OYiznFReuXYUmQ2hGd1aDpCnlMNITLSKoi8=
github.com/google/uuid v1.3.0 h1:t6JiXgmwXMjEs8VusXIJk2BXHsn+wx8BZdTaoZ5fu7I=
github.com/google/uuid v1.3.0/go.mod h1:TIyPZe4MgqvfeYDBFedMoGGpEw/LqOeaOT+nhxU+yHo=
github.com/rexlx/performance v0.0.0-20221213015831-868d89639eb4 h1:wPsFtka5DIFUK5vGYoIoOEAMwtn0QnmTNLW5Ii4FXfc=
github.com/rexlx/performance v0.0.0-20221213015831-868d89639eb4/go.mod h1:n7IFU0j3xhDzXba2ZzzKnifwBlEuMAg3yP247DIKTdM=
github.com/rexlx/performance v0.0.0-20221214140355-dcb233c0308e h1:RTAxWZM8E4nKZXetnREIRkBdMUit97vsosPdvXLaQ0U=
github.com/rexlx/performance v0.0.0-20221214140355-dcb233c0308e/go.mod h1:n7IFU0j3xhDzXba2ZzzKnifwBlEuMAg3yP247DIKTdM=
golang.org/x/crypto v0.4.0 h1:UVQgzMY87xqpKNgb+kDsll2Igd33HszWHFLmpaRMq/8=
golang.org/x/crypto v0.4.0/go.mod h1:3quD/ATkf6oY+rnes5c3ExXTbLc8mueNue5/DoinL80=
golang.org/x/net v0.3.0 h1:VWL6FNY2bEEmsGVKabSlHu5Irp34xmMRoqb/9lF9lxk=
golang.org/x/net v0.3.0/go.mod h1:MBQ8lrhLObU/6UmLb4fmbmk5OcyYmqtbGd/9yIeKjEE=
